
Microsoft Visual Studio Solution File, Format Version 12.00
# Visual Studio 14
VisualStudioVersion = 14.0.25420.1
MinimumVisualStudioVersion = 10.0.40219.1
Project("{2150E333-8FDC-42A3-9474-1A3956D46DE8}") = "1_Domain", "1_Domain", "{7C9EF919-4789-4BCD-BD10-839DF847AE6B}"
EndProject
Project("{2150E333-8FDC-42A3-9474-1A3956D46DE8}") = "2_ApplicationServices", "2_ApplicationServices", "{62DD0454-4D6D-425B-A6DD-E1D549E21261}"
EndProject
Project("{2150E333-8FDC-42A3-9474-1A3956D46DE8}") = "3_InputOutput", "3_InputOutput", "{531E0C61-1D8D-49E0-BEC9-4E4613D54A9F}"
EndProject
Project("{FAE04EC0-301F-11D3-BF4B-00C04F79EFBC}") = "PeopleSearch.Server", "3_InputOutput\PeopleSearch.Server\PeopleSearch.Server.csproj", "{E5B69CAA-924E-43C7-8087-E14451D98B71}"
EndProject
Project("{FAE04EC0-301F-11D3-BF4B-00C04F79EFBC}") = "PeopleSearch.Domain", "1_Domain\PeopleSearch.Domain\PeopleSearch.Domain.csproj", "{5F6DB07B-C713-4DB9-88C5-48BA5CC90523}"
EndProject
Project("{2150E333-8FDC-42A3-9474-1A3956D46DE8}") = "Tests", "Tests", "{B9915CF6-ADC0-4E23-9F7A-387EFEE3A5F6}"
EndProject
Project("{FAE04EC0-301F-11D3-BF4B-00C04F79EFBC}") = "PeopleSearch.UnitTests", "3_InputOutput\Tests\PeopleSearch.UnitTests\PeopleSearch.UnitTests.csproj", "{0D09ED4B-6925-4805-89FD-BC2E1EB8CB97}"
EndProject
Project("{FAE04EC0-301F-11D3-BF4B-00C04F79EFBC}") = "PeopleSearch.Infrastructure", "2_ApplicationServices\PeopleSearch.Infrastructure\PeopleSearch.Infrastructure.csproj", "{E520D2FD-DEE5-4248-A6FF-95F58C3328A7}"
EndProject
Project("{2150E333-8FDC-42A3-9474-1A3956D46DE8}") = "WebUI", "WebUI", "{B0F97EDA-BDB9-49E6-81C2-B380F836E669}"
EndProject
Project("{FAE04EC0-301F-11D3-BF4B-00C04F79EFBC}") = "PeoplSearch.WebUI", "WebUI\PeoplSearch.WebUI\PeoplSearch.WebUI.csproj", "{1F0FABF0-76CF-4149-ACE1-9BA15EBDE088}"
	ProjectSection(ProjectDependencies) = postProject
		{E5B69CAA-924E-43C7-8087-E14451D98B71} = {E5B69CAA-924E-43C7-8087-E14451D98B71}
	EndProjectSection
EndProject
Global
	GlobalSection(SolutionConfigurationPlatforms) = preSolution
		Debug|Any CPU = Debug|Any CPU
		Release|Any CPU = Release|Any CPU
	EndGlobalSection
	GlobalSection(ProjectConfigurationPlatforms) = postSolution
		{E5B69CAA-924E-43C7-8087-E14451D98B71}.Debug|Any CPU.ActiveCfg = Debug|Any CPU
		{E5B69CAA-924E-43C7-8087-E14451D98B71}.Debug|Any CPU.Build.0 = Debug|Any CPU
		{E5B69CAA-924E-43C7-8087-E14451D98B71}.Release|Any CPU.ActiveCfg = Release|Any CPU
		{E5B69CAA-924E-43C7-8087-E14451D98B71}.Release|Any CPU.Build.0 = Release|Any CPU
		{5F6DB07B-C713-4DB9-88C5-48BA5CC90523}.Debug|Any CPU.ActiveCfg = Debug|Any CPU
		{5F6DB07B-C713-4DB9-88C5-48BA5CC90523}.Debug|Any CPU.Build.0 = Debug|Any CPU
		{5F6DB07B-C713-4DB9-88C5-48BA5CC90523}.Release|Any CPU.ActiveCfg = Release|Any CPU
		{5F6DB07B-C713-4DB9-88C5-48BA5CC90523}.Release|Any CPU.Build.0 = Release|Any CPU
		{0D09ED4B-6925-4805-89FD-BC2E1EB8CB97}.Debug|Any CPU.ActiveCfg = Debug|Any CPU
		{0D09ED4B-6925-4805-89FD-BC2E1EB8CB97}.Debug|Any CPU.Build.0 = Debug|Any CPU
		{0D09ED4B-6925-4805-89FD-BC2E1EB8CB97}.Release|Any CPU.ActiveCfg = Release|Any CPU
		{0D09ED4B-6925-4805-89FD-BC2E1EB8CB97}.Release|Any CPU.Build.0 = Release|Any CPU
		{E520D2FD-DEE5-4248-A6FF-95F58C3328A7}.Debug|Any CPU.ActiveCfg = Debug|Any CPU
		{E520D2FD-DEE5-4248-A6FF-95F58C3328A7}.Debug|Any CPU.Build.0 = Debug|Any CPU
		{E520D2FD-DEE5-4248-A6FF-95F58C3328A7}.Release|Any CPU.ActiveCfg = Release|Any CPU
		{E520D2FD-DEE5-4248-A6FF-95F58C3328A7}.Release|Any CPU.Build.0 = Release|Any CPU
		{1F0FABF0-76CF-4149-ACE1-9BA15EBDE088}.Debug|Any CPU.ActiveCfg = Debug|Any CPU
		{1F0FABF0-76CF-4149-ACE1-9BA15EBDE088}.Debug|Any CPU.Build.0 = Debug|Any CPU
		{1F0FABF0-76CF-4149-ACE1-9BA15EBDE088}.Release|Any CPU.ActiveCfg = Release|Any CPU
		{1F0FABF0-76CF-4149-ACE1-9BA15EBDE088}.Release|Any CPU.Build.0 = Release|Any CPU
	EndGlobalSection
	GlobalSection(SolutionProperties) = preSolution
		HideSolutionNode = FALSE
	EndGlobalSection
	GlobalSection(NestedProjects) = preSolution
		{E5B69CAA-924E-43C7-8087-E14451D98B71} = {531E0C61-1D8D-49E0-BEC9-4E4613D54A9F}
		{5F6DB07B-C713-4DB9-88C5-48BA5CC90523} = {7C9EF919-4789-4BCD-BD10-839DF847AE6B}
		{B9915CF6-ADC0-4E23-9F7A-387EFEE3A5F6} = {531E0C61-1D8D-49E0-BEC9-4E4613D54A9F}
		{0D09ED4B-6925-4805-89FD-BC2E1EB8CB97} = {B9915CF6-ADC0-4E23-9F7A-387EFEE3A5F6}
		{E520D2FD-DEE5-4248-A6FF-95F58C3328A7} = {62DD0454-4D6D-425B-A6DD-E1D549E21261}
		{1F0FABF0-76CF-4149-ACE1-9BA15EBDE088} = {B0F97EDA-BDB9-49E6-81C2-B380F836E669}
	EndGlobalSection
EndGlobal
